
Microsoft Visual Studio Solution File, Format Version 12.00
# Visual Studio Version 16
VisualStudioVersion = 16.0.31727.386
MinimumVisualStudioVersion = 10.0.40219.1
Project("{FAE04EC0-301F-11D3-BF4B-00C04F79EFBC}") = "KitSala", "KitSala\KitSala.csproj", "{AC54E20B-2B2F-44FF-82FC-848C963DACA7}"
EndProject
Global
	GlobalSection(SolutionConfigurationPlatforms) = preSolution
		Debug|Any CPU = Debug|Any CPU
		Release|Any CPU = Release|Any CPU
	EndGlobalSection
	GlobalSection(ProjectConfigurationPlatforms) = postSolution
		{AC54E20B-2B2F-44FF-82FC-848C963DACA7}.Debug|Any CPU.ActiveCfg = Debug|Any CPU
		{AC54E20B-2B2F-44FF-82FC-848C963DACA7}.Debug|Any CPU.Build.0 = Debug|Any CPU
		{AC54E20B-2B2F-44FF-82FC-848C963DACA7}.Release|Any CPU.ActiveCfg = Release|Any CPU
		{AC54E20B-2B2F-44FF-82FC-848C963DACA7}.Release|Any CPU.Build.0 = Release|Any CPU
	EndGlobalSection
	GlobalSection(SolutionProperties) = preSolution
		HideSolutionNode = FALSE
	EndGlobalSection
	GlobalSection(ExtensibilityGlobals) = postSolution
		SolutionGuid = {35FEBB81-600D-4A75-8097-4D44A3258F0B}
	EndGlobalSection
EndGlobal
